
Microsoft Visual Studio Solution File, Format Version 12.00
# Visual Studio Version 16
VisualStudioVersion = 16.0.29728.190
MinimumVisualStudioVersion = 10.0.40219.1
Project("{9A19103F-16F7-4668-BE54-9A1E7A4F7556}") = "listbox-grouping", "listbox-grouping\listbox-grouping.csproj", "{7E6E5DBB-4C53-426D-B8F4-E259528E4196}"
EndProject
Project("{FAE04EC0-301F-11D3-BF4B-00C04F79EFBC}") = "binding-twoway-code", "binding-twoway-code\binding-twoway-code.csproj", "{887F1D31-7FCD-4810-8BC0-F0510B25E082}"
EndProject
Global
	GlobalSection(SolutionConfigurationPlatforms) = preSolution
		Debug|Any CPU = Debug|Any CPU
		Release|Any CPU = Release|Any CPU
	EndGlobalSection
	GlobalSection(ProjectConfigurationPlatforms) = postSolution
		{7E6E5DBB-4C53-426D-B8F4-E259528E4196}.Debug|Any CPU.ActiveCfg = Debug|Any CPU
		{7E6E5DBB-4C53-426D-B8F4-E259528E4196}.Debug|Any CPU.Build.0 = Debug|Any CPU
		{7E6E5DBB-4C53-426D-B8F4-E259528E4196}.Release|Any CPU.ActiveCfg = Release|Any CPU
		{7E6E5DBB-4C53-426D-B8F4-E259528E4196}.Release|Any CPU.Build.0 = Release|Any CPU
		{887F1D31-7FCD-4810-8BC0-F0510B25E082}.Debug|Any CPU.ActiveCfg = Debug|Any CPU
		{887F1D31-7FCD-4810-8BC0-F0510B25E082}.Debug|Any CPU.Build.0 = Debug|Any CPU
		{887F1D31-7FCD-4810-8BC0-F0510B25E082}.Release|Any CPU.ActiveCfg = Release|Any CPU
		{887F1D31-7FCD-4810-8BC0-F0510B25E082}.Release|Any CPU.Build.0 = Release|Any CPU
	EndGlobalSection
	GlobalSection(SolutionProperties) = preSolution
		HideSolutionNode = FALSE
	EndGlobalSection
	GlobalSection(ExtensibilityGlobals) = postSolution
		SolutionGuid = {C78CE3DB-DA0E-42A3-9237-7BDEBA0E243B}
	EndGlobalSection
EndGlobal
